
Microsoft Visual Studio Solution File, Format Version 12.00
# Visual Studio 14
VisualStudioVersion = 14.0.25420.1
MinimumVisualStudioVersion = 10.0.40219.1
Project("{FAE04EC0-301F-11D3-BF4B-00C04F79EFBC}") = "TexasHoldEm", "TexasHoldEm\TexasHoldEm.csproj", "{BE2DDF2C-5826-4946-9514-7E65C3E2CCF7}"
EndProject
Project("{FAE04EC0-301F-11D3-BF4B-00C04F79EFBC}") = "PokerTesting", "PokerTesting\PokerTesting.csproj", "{191B77DB-A81F-472D-8CAC-8A70A95EEDD4}"
EndProject
Global
	GlobalSection(SolutionConfigurationPlatforms) = preSolution
		Debug|Any CPU = Debug|Any CPU
		Release|Any CPU = Release|Any CPU
	EndGlobalSection
	GlobalSection(ProjectConfigurationPlatforms) = postSolution
		{BE2DDF2C-5826-4946-9514-7E65C3E2CCF7}.Debug|Any CPU.ActiveCfg = Debug|Any CPU
		{BE2DDF2C-5826-4946-9514-7E65C3E2CCF7}.Debug|Any CPU.Build.0 = Debug|Any CPU
		{BE2DDF2C-5826-4946-9514-7E65C3E2CCF7}.Release|Any CPU.ActiveCfg = Release|Any CPU
		{BE2DDF2C-5826-4946-9514-7E65C3E2CCF7}.Release|Any CPU.Build.0 = Release|Any CPU
		{191B77DB-A81F-472D-8CAC-8A70A95EEDD4}.Debug|Any CPU.ActiveCfg = Debug|Any CPU
		{191B77DB-A81F-472D-8CAC-8A70A95EEDD4}.Debug|Any CPU.Build.0 = Debug|Any CPU
		{191B77DB-A81F-472D-8CAC-8A70A95EEDD4}.Release|Any CPU.ActiveCfg = Release|Any CPU
		{191B77DB-A81F-472D-8CAC-8A70A95EEDD4}.Release|Any CPU.Build.0 = Release|Any CPU
	EndGlobalSection
	GlobalSection(SolutionProperties) = preSolution
		HideSolutionNode = FALSE
	EndGlobalSection
EndGlobal
